// !$*UTF8*$!
{
	archiveVersion = 1;
	classes = {
	};
	objectVersion = 46;
	objects = {

/* Begin PBXBuildFile section */
		BB1619A219F6B58000AC466D /* AppDelegate.swift in Sources */ = {isa = PBXBuildFile; fileRef = BB1619A119F6B58000AC466D /* AppDelegate.swift */; };
		BB1619A419F6B58000AC466D /* ViewController.swift in Sources */ = {isa = PBXBuildFile; fileRef = BB1619A319F6B58000AC466D /* ViewController.swift */; };
		BB1619A619F6B58000AC466D /* Images.xcassets in Resources */ = {isa = PBXBuildFile; fileRef = BB1619A519F6B58000AC466D /* Images.xcassets */; };
		BB1619A919F6B58000AC466D /* Main.storyboard in Resources */ = {isa = PBXBuildFile; fileRef = BB1619A719F6B58000AC466D /* Main.storyboard */; };
		BB1619BE19F6B5D000AC466D /* FPIconFontKit.framework in Frameworks */ = {isa = PBXBuildFile; fileRef = BB41269B19EF7D4E00FDC313 /* FPIconFontKit.framework */; };
		BB1619C019F6B6B500AC466D /* octicons.ttf in Resources */ = {isa = PBXBuildFile; fileRef = BB1619BF19F6B6B500AC466D /* octicons.ttf */; };
		BB1619CB19F6B8A000AC466D /* AppDelegate.m in Sources */ = {isa = PBXBuildFile; fileRef = BB1619CA19F6B8A000AC466D /* AppDelegate.m */; };
		BB1619CD19F6B8A000AC466D /* main.m in Sources */ = {isa = PBXBuildFile; fileRef = BB1619CC19F6B8A000AC466D /* main.m */; };
		BB1619D019F6B8A000AC466D /* ViewController.m in Sources */ = {isa = PBXBuildFile; fileRef = BB1619CF19F6B8A000AC466D /* ViewController.m */; };
		BB1619D219F6B8A000AC466D /* Images.xcassets in Resources */ = {isa = PBXBuildFile; fileRef = BB1619D119F6B8A000AC466D /* Images.xcassets */; };
		BB1619D519F6B8A000AC466D /* Main.storyboard in Resources */ = {isa = PBXBuildFile; fileRef = BB1619D319F6B8A000AC466D /* Main.storyboard */; };
		BB1619EA19F6B8B500AC466D /* FPIconFontKit.framework in Frameworks */ = {isa = PBXBuildFile; fileRef = BB41269B19EF7D4E00FDC313 /* FPIconFontKit.framework */; };
		BB1619EC19F6B8C000AC466D /* FPIconFontKit.framework in CopyFiles */ = {isa = PBXBuildFile; fileRef = BB41269B19EF7D4E00FDC313 /* FPIconFontKit.framework */; settings = {ATTRIBUTES = (CodeSignOnCopy, RemoveHeadersOnCopy, ); }; };
		BB161A0019F6B91600AC466D /* octicons.ttf in Resources */ = {isa = PBXBuildFile; fileRef = BB1619BF19F6B6B500AC466D /* octicons.ttf */; };
		BB161A0119F6B93200AC466D /* libswiftAppKit.dylib in CopyFiles */ = {isa = PBXBuildFile; fileRef = BB1619EE19F6B8F600AC466D /* libswiftAppKit.dylib */; settings = {ATTRIBUTES = (CodeSignOnCopy, ); }; };
		BB161A0219F6B93200AC466D /* libswiftCore.dylib in CopyFiles */ = {isa = PBXBuildFile; fileRef = BB1619EF19F6B8F600AC466D /* libswiftCore.dylib */; settings = {ATTRIBUTES = (CodeSignOnCopy, ); }; };
		BB161A0319F6B93200AC466D /* libswiftCoreGraphics.dylib in CopyFiles */ = {isa = PBXBuildFile; fileRef = BB1619F019F6B8F600AC466D /* libswiftCoreGraphics.dylib */; settings = {ATTRIBUTES = (CodeSignOnCopy, ); }; };
		BB161A0419F6B93200AC466D /* libswiftDarwin.dylib in CopyFiles */ = {isa = PBXBuildFile; fileRef = BB1619F119F6B8F600AC466D /* libswiftDarwin.dylib */; settings = {ATTRIBUTES = (CodeSignOnCopy, ); }; };
		BB161A0519F6B93200AC466D /* libswiftDispatch.dylib in CopyFiles */ = {isa = PBXBuildFile; fileRef = BB1619F219F6B8F600AC466D /* libswiftDispatch.dylib */; settings = {ATTRIBUTES = (CodeSignOnCopy, ); }; };
		BB161A0619F6B93200AC466D /* libswiftFoundation.dylib in CopyFiles */ = {isa = PBXBuildFile; fileRef = BB1619F319F6B8F600AC466D /* libswiftFoundation.dylib */; settings = {ATTRIBUTES = (CodeSignOnCopy, ); }; };
		BB161A0719F6B93200AC466D /* libswiftObjectiveC.dylib in CopyFiles */ = {isa = PBXBuildFile; fileRef = BB1619F419F6B8F600AC466D /* libswiftObjectiveC.dylib */; settings = {ATTRIBUTES = (CodeSignOnCopy, ); }; };
		BB161A0819F6B93200AC466D /* libswiftQuartzCore.dylib in CopyFiles */ = {isa = PBXBuildFile; fileRef = BB1619F519F6B8F600AC466D /* libswiftQuartzCore.dylib */; settings = {ATTRIBUTES = (CodeSignOnCopy, ); }; };
		BB161A0919F6B93200AC466D /* libswiftSecurity.dylib in CopyFiles */ = {isa = PBXBuildFile; fileRef = BB1619F619F6B8F600AC466D /* libswiftSecurity.dylib */; settings = {ATTRIBUTES = (CodeSignOnCopy, ); }; };
		BB4126A119EF7D4E00FDC313 /* FPIconFontKit.h in Headers */ = {isa = PBXBuildFile; fileRef = BB4126A019EF7D4E00FDC313 /* FPIconFontKit.h */; settings = {ATTRIBUTES = (Public, ); }; };
		BB4126A719EF7D4E00FDC313 /* FPIconFontKit.framework in Frameworks */ = {isa = PBXBuildFile; fileRef = BB41269B19EF7D4E00FDC313 /* FPIconFontKit.framework */; };
		BB4126AE19EF7D4E00FDC313 /* FPIconFontKitTests.swift in Sources */ = {isa = PBXBuildFile; fileRef = BB4126AD19EF7D4E00FDC313 /* FPIconFontKitTests.swift */; };
		BB4126B819EF7EC300FDC313 /* FPIconFont.swift in Sources */ = {isa = PBXBuildFile; fileRef = BB4126B719EF7EC300FDC313 /* FPIconFont.swift */; };
		BB41E16719F58EE900ED0633 /* FPIconFont.swift in Sources */ = {isa = PBXBuildFile; fileRef = BB4126B719EF7EC300FDC313 /* FPIconFont.swift */; };
		BB41E16A19F58F0100ED0633 /* generate in CopyFiles */ = {isa = PBXBuildFile; fileRef = BB50ABFE19F4DB6B007A5735 /* generate */; settings = {ATTRIBUTES = (CodeSignOnCopy, ); }; };
		BB50AC0119F4DB6B007A5735 /* main.swift in Sources */ = {isa = PBXBuildFile; fileRef = BB50AC0019F4DB6B007A5735 /* main.swift */; };
		BB633EA119F5F2D300EBB8C5 /* CommandLine.swift in Sources */ = {isa = PBXBuildFile; fileRef = BB633E9D19F5F2D300EBB8C5 /* CommandLine.swift */; };
		BB633EA219F5F2D300EBB8C5 /* Option.swift in Sources */ = {isa = PBXBuildFile; fileRef = BB633E9F19F5F2D300EBB8C5 /* Option.swift */; };
		BB633EA319F5F2D300EBB8C5 /* StringExtensions.swift in Sources */ = {isa = PBXBuildFile; fileRef = BB633EA019F5F2D300EBB8C5 /* StringExtensions.swift */; };
/* End PBXBuildFile section */

/* Begin PBXContainerItemProxy section */
		BB1619BC19F6B5CC00AC466D /* PBXContainerItemProxy */ = {
			isa = PBXContainerItemProxy;
			containerPortal = BB41269219EF7D4E00FDC313 /* Project object */;
			proxyType = 1;
			remoteGlobalIDString = BB41269A19EF7D4E00FDC313;
			remoteInfo = FPIconFontKit;
		};
		BB1619E819F6B8B300AC466D /* PBXContainerItemProxy */ = {
			isa = PBXContainerItemProxy;
			containerPortal = BB41269219EF7D4E00FDC313 /* Project object */;
			proxyType = 1;
			remoteGlobalIDString = BB41269A19EF7D4E00FDC313;
			remoteInfo = FPIconFontKit;
		};
		BB4126A819EF7D4E00FDC313 /* PBXContainerItemProxy */ = {
			isa = PBXContainerItemProxy;
			containerPortal = BB41269219EF7D4E00FDC313 /* Project object */;
			proxyType = 1;
			remoteGlobalIDString = BB41269A19EF7D4E00FDC313;
			remoteInfo = FPIconFontKit;
		};
		BB41E16819F58EF600ED0633 /* PBXContainerItemProxy */ = {
			isa = PBXContainerItemProxy;
			containerPortal = BB41269219EF7D4E00FDC313 /* Project object */;
			proxyType = 1;
			remoteGlobalIDString = BB50ABFD19F4DB6B007A5735;
			remoteInfo = generate;
		};
/* End PBXContainerItemProxy section */

/* Begin PBXCopyFilesBuildPhase section */
		BB1619EB19F6B8B900AC466D /* CopyFiles */ = {
			isa = PBXCopyFilesBuildPhase;
			buildActionMask = 2147483647;
			dstPath = "";
			dstSubfolderSpec = 10;
			files = (
				BB161A0119F6B93200AC466D /* libswiftAppKit.dylib in CopyFiles */,
				BB161A0219F6B93200AC466D /* libswiftCore.dylib in CopyFiles */,
				BB161A0319F6B93200AC466D /* libswiftCoreGraphics.dylib in CopyFiles */,
				BB161A0419F6B93200AC466D /* libswiftDarwin.dylib in CopyFiles */,
				BB161A0519F6B93200AC466D /* libswiftDispatch.dylib in CopyFiles */,
				BB161A0619F6B93200AC466D /* libswiftFoundation.dylib in CopyFiles */,
				BB161A0719F6B93200AC466D /* libswiftObjectiveC.dylib in CopyFiles */,
				BB161A0819F6B93200AC466D /* libswiftQuartzCore.dylib in CopyFiles */,
				BB161A0919F6B93200AC466D /* libswiftSecurity.dylib in CopyFiles */,
				BB1619EC19F6B8C000AC466D /* FPIconFontKit.framework in CopyFiles */,
			);
			runOnlyForDeploymentPostprocessing = 0;
		};
		BB41E16319F58AE800ED0633 /* CopyFiles */ = {
			isa = PBXCopyFilesBuildPhase;
			buildActionMask = 2147483647;
			dstPath = "";
			dstSubfolderSpec = 1;
			files = (
				BB41E16A19F58F0100ED0633 /* generate in CopyFiles */,
			);
			runOnlyForDeploymentPostprocessing = 0;
		};
/* End PBXCopyFilesBuildPhase section */

/* Begin PBXFileReference section */
		BB16199D19F6B58000AC466D /* Demo.app */ = {isa = PBXFileReference; explicitFileType = wrapper.application; includeInIndex = 0; path = Demo.app; sourceTree = BUILT_PRODUCTS_DIR; };
		BB1619A019F6B58000AC466D /* Info.plist */ = {isa = PBXFileReference; lastKnownFileType = text.plist.xml; path = Info.plist; sourceTree = "<group>"; };
		BB1619A119F6B58000AC466D /* AppDelegate.swift */ = {isa = PBXFileReference; lastKnownFileType = sourcecode.swift; path = AppDelegate.swift; sourceTree = "<group>"; };
		BB1619A319F6B58000AC466D /* ViewController.swift */ = {isa = PBXFileReference; lastKnownFileType = sourcecode.swift; path = ViewController.swift; sourceTree = "<group>"; };
		BB1619A519F6B58000AC466D /* Images.xcassets */ = {isa = PBXFileReference; lastKnownFileType = folder.assetcatalog; path = Images.xcassets; sourceTree = "<group>"; };
		BB1619A819F6B58000AC466D /* Base */ = {isa = PBXFileReference; lastKnownFileType = file.storyboard; name = Base; path = Base.lproj/Main.storyboard; sourceTree = "<group>"; };
		BB1619BF19F6B6B500AC466D /* octicons.ttf */ = {isa = PBXFileReference; lastKnownFileType = file; name = octicons.ttf; path = ../../octicons/octicons/octicons.ttf; sourceTree = "<group>"; };
		BB1619C519F6B8A000AC466D /* DemoObjc.app */ = {isa = PBXFileReference; explicitFileType = wrapper.application; includeInIndex = 0; path = DemoObjc.app; sourceTree = BUILT_PRODUCTS_DIR; };
		BB1619C819F6B8A000AC466D /* Info.plist */ = {isa = PBXFileReference; lastKnownFileType = text.plist.xml; path = Info.plist; sourceTree = "<group>"; };
		BB1619C919F6B8A000AC466D /* AppDelegate.h */ = {isa = PBXFileReference; lastKnownFileType = sourcecode.c.h; path = AppDelegate.h; sourceTree = "<group>"; };
		BB1619CA19F6B8A000AC466D /* AppDelegate.m */ = {isa = PBXFileReference; lastKnownFileType = sourcecode.c.objc; path = AppDelegate.m; sourceTree = "<group>"; };
		BB1619CC19F6B8A000AC466D /* main.m */ = {isa = PBXFileReference; lastKnownFileType = sourcecode.c.objc; path = main.m; sourceTree = "<group>"; };
		BB1619CE19F6B8A000AC466D /* ViewController.h */ = {isa = PBXFileReference; lastKnownFileType = sourcecode.c.h; path = ViewController.h; sourceTree = "<group>"; };
		BB1619CF19F6B8A000AC466D /* ViewController.m */ = {isa = PBXFileReference; lastKnownFileType = sourcecode.c.objc; path = ViewController.m; sourceTree = "<group>"; };
		BB1619D119F6B8A000AC466D /* Images.xcassets */ = {isa = PBXFileReference; lastKnownFileType = folder.assetcatalog; path = Images.xcassets; sourceTree = "<group>"; };
		BB1619D419F6B8A000AC466D /* Base */ = {isa = PBXFileReference; lastKnownFileType = file.storyboard; name = Base; path = Base.lproj/Main.storyboard; sourceTree = "<group>"; };
		BB1619EE19F6B8F600AC466D /* libswiftAppKit.dylib */ = {isa = PBXFileReference; lastKnownFileType = "compiled.mach-o.dylib"; path = libswiftAppKit.dylib; sourceTree = "<group>"; };
		BB1619EF19F6B8F600AC466D /* libswiftCore.dylib */ = {isa = PBXFileReference; lastKnownFileType = "compiled.mach-o.dylib"; path = libswiftCore.dylib; sourceTree = "<group>"; };
		BB1619F019F6B8F600AC466D /* libswiftCoreGraphics.dylib */ = {isa = PBXFileReference; lastKnownFileType = "compiled.mach-o.dylib"; path = libswiftCoreGraphics.dylib; sourceTree = "<group>"; };
		BB1619F119F6B8F600AC466D /* libswiftDarwin.dylib */ = {isa = PBXFileReference; lastKnownFileType = "compiled.mach-o.dylib"; path = libswiftDarwin.dylib; sourceTree = "<group>"; };
		BB1619F219F6B8F600AC466D /* libswiftDispatch.dylib */ = {isa = PBXFileReference; lastKnownFileType = "compiled.mach-o.dylib"; path = libswiftDispatch.dylib; sourceTree = "<group>"; };
		BB1619F319F6B8F600AC466D /* libswiftFoundation.dylib */ = {isa = PBXFileReference; lastKnownFileType = "compiled.mach-o.dylib"; path = libswiftFoundation.dylib; sourceTree = "<group>"; };
		BB1619F419F6B8F600AC466D /* libswiftObjectiveC.dylib */ = {isa = PBXFileReference; lastKnownFileType = "compiled.mach-o.dylib"; path = libswiftObjectiveC.dylib; sourceTree = "<group>"; };
		BB1619F519F6B8F600AC466D /* libswiftQuartzCore.dylib */ = {isa = PBXFileReference; lastKnownFileType = "compiled.mach-o.dylib"; path = libswiftQuartzCore.dylib; sourceTree = "<group>"; };
		BB1619F619F6B8F600AC466D /* libswiftSecurity.dylib */ = {isa = PBXFileReference; lastKnownFileType = "compiled.mach-o.dylib"; path = libswiftSecurity.dylib; sourceTree = "<group>"; };
		BB41269B19EF7D4E00FDC313 /* FPIconFontKit.framework */ = {isa = PBXFileReference; explicitFileType = wrapper.framework; includeInIndex = 0; path = FPIconFontKit.framework; sourceTree = BUILT_PRODUCTS_DIR; };
		BB41269F19EF7D4E00FDC313 /* Info.plist */ = {isa = PBXFileReference; lastKnownFileType = text.plist.xml; path = Info.plist; sourceTree = "<group>"; };
		BB4126A019EF7D4E00FDC313 /* FPIconFontKit.h */ = {isa = PBXFileReference; lastKnownFileType = sourcecode.c.h; path = FPIconFontKit.h; sourceTree = "<group>"; };
		BB4126A619EF7D4E00FDC313 /* FPIconFontKitTests.xctest */ = {isa = PBXFileReference; explicitFileType = wrapper.cfbundle; includeInIndex = 0; path = FPIconFontKitTests.xctest; sourceTree = BUILT_PRODUCTS_DIR; };
		BB4126AC19EF7D4E00FDC313 /* Info.plist */ = {isa = PBXFileReference; lastKnownFileType = text.plist.xml; path = Info.plist; sourceTree = "<group>"; };
		BB4126AD19EF7D4E00FDC313 /* FPIconFontKitTests.swift */ = {isa = PBXFileReference; lastKnownFileType = sourcecode.swift; path = FPIconFontKitTests.swift; sourceTree = "<group>"; };
		BB4126B719EF7EC300FDC313 /* FPIconFont.swift */ = {isa = PBXFileReference; fileEncoding = 4; lastKnownFileType = sourcecode.swift; path = FPIconFont.swift; sourceTree = "<group>"; };
		BB50ABFE19F4DB6B007A5735 /* generate */ = {isa = PBXFileReference; explicitFileType = "compiled.mach-o.executable"; includeInIndex = 0; path = generate; sourceTree = BUILT_PRODUCTS_DIR; };
		BB50AC0019F4DB6B007A5735 /* main.swift */ = {isa = PBXFileReference; lastKnownFileType = sourcecode.swift; path = main.swift; sourceTree = "<group>"; };
		BB633E9D19F5F2D300EBB8C5 /* CommandLine.swift */ = {isa = PBXFileReference; fileEncoding = 4; lastKnownFileType = sourcecode.swift; path = CommandLine.swift; sourceTree = "<group>"; };
		BB633E9F19F5F2D300EBB8C5 /* Option.swift */ = {isa = PBXFileReference; fileEncoding = 4; lastKnownFileType = sourcecode.swift; path = Option.swift; sourceTree = "<group>"; };
		BB633EA019F5F2D300EBB8C5 /* StringExtensions.swift */ = {isa = PBXFileReference; fileEncoding = 4; lastKnownFileType = sourcecode.swift; path = StringExtensions.swift; sourceTree = "<group>"; };
/* End PBXFileReference section */

/* Begin PBXFrameworksBuildPhase section */
		BB16199A19F6B58000AC466D /* Frameworks */ = {
			isa = PBXFrameworksBuildPhase;
			buildActionMask = 2147483647;
			files = (
				BB1619BE19F6B5D000AC466D /* FPIconFontKit.framework in Frameworks */,
			);
			runOnlyForDeploymentPostprocessing = 0;
		};
		BB1619C219F6B8A000AC466D /* Frameworks */ = {
			isa = PBXFrameworksBuildPhase;
			buildActionMask = 2147483647;
			files = (
				BB1619EA19F6B8B500AC466D /* FPIconFontKit.framework in Frameworks */,
			);
			runOnlyForDeploymentPostprocessing = 0;
		};
		BB41269719EF7D4E00FDC313 /* Frameworks */ = {
			isa = PBXFrameworksBuildPhase;
			buildActionMask = 2147483647;
			files = (
			);
			runOnlyForDeploymentPostprocessing = 0;
		};
		BB4126A319EF7D4E00FDC313 /* Frameworks */ = {
			isa = PBXFrameworksBuildPhase;
			buildActionMask = 2147483647;
			files = (
				BB4126A719EF7D4E00FDC313 /* FPIconFontKit.framework in Frameworks */,
			);
			runOnlyForDeploymentPostprocessing = 0;
		};
		BB50ABFB19F4DB6B007A5735 /* Frameworks */ = {
			isa = PBXFrameworksBuildPhase;
			buildActionMask = 2147483647;
			files = (
			);
			runOnlyForDeploymentPostprocessing = 0;
		};
/* End PBXFrameworksBuildPhase section */

/* Begin PBXGroup section */
		BB16199E19F6B58000AC466D /* Demo */ = {
			isa = PBXGroup;
			children = (
				BB1619A119F6B58000AC466D /* AppDelegate.swift */,
				BB1619A319F6B58000AC466D /* ViewController.swift */,
				BB1619A519F6B58000AC466D /* Images.xcassets */,
				BB1619A719F6B58000AC466D /* Main.storyboard */,
				BB16199F19F6B58000AC466D /* Supporting Files */,
			);
			path = Demo;
			sourceTree = "<group>";
		};
		BB16199F19F6B58000AC466D /* Supporting Files */ = {
			isa = PBXGroup;
			children = (
				BB1619BF19F6B6B500AC466D /* octicons.ttf */,
				BB1619A019F6B58000AC466D /* Info.plist */,
			);
			name = "Supporting Files";
			sourceTree = "<group>";
		};
		BB1619C619F6B8A000AC466D /* DemoObjc */ = {
			isa = PBXGroup;
			children = (
				BB1619ED19F6B8F600AC466D /* libs */,
				BB1619C919F6B8A000AC466D /* AppDelegate.h */,
				BB1619CA19F6B8A000AC466D /* AppDelegate.m */,
				BB1619CE19F6B8A000AC466D /* ViewController.h */,
				BB1619CF19F6B8A000AC466D /* ViewController.m */,
				BB1619D119F6B8A000AC466D /* Images.xcassets */,
				BB1619D319F6B8A000AC466D /* Main.storyboard */,
				BB1619C719F6B8A000AC466D /* Supporting Files */,
			);
			path = DemoObjc;
			sourceTree = "<group>";
		};
		BB1619C719F6B8A000AC466D /* Supporting Files */ = {
			isa = PBXGroup;
			children = (
				BB1619C819F6B8A000AC466D /* Info.plist */,
				BB1619CC19F6B8A000AC466D /* main.m */,
			);
			name = "Supporting Files";
			sourceTree = "<group>";
		};
		BB1619ED19F6B8F600AC466D /* libs */ = {
			isa = PBXGroup;
			children = (
				BB1619EE19F6B8F600AC466D /* libswiftAppKit.dylib */,
				BB1619EF19F6B8F600AC466D /* libswiftCore.dylib */,
				BB1619F019F6B8F600AC466D /* libswiftCoreGraphics.dylib */,
				BB1619F119F6B8F600AC466D /* libswiftDarwin.dylib */,
				BB1619F219F6B8F600AC466D /* libswiftDispatch.dylib */,
				BB1619F319F6B8F600AC466D /* libswiftFoundation.dylib */,
				BB1619F419F6B8F600AC466D /* libswiftObjectiveC.dylib */,
				BB1619F519F6B8F600AC466D /* libswiftQuartzCore.dylib */,
				BB1619F619F6B8F600AC466D /* libswiftSecurity.dylib */,
			);
			path = libs;
			sourceTree = "<group>";
		};
		BB161A0A19F6BA2000AC466D /* Demo */ = {
			isa = PBXGroup;
			children = (
				BB16199E19F6B58000AC466D /* Demo */,
				BB1619C619F6B8A000AC466D /* DemoObjc */,
			);
			name = Demo;
			sourceTree = "<group>";
		};
		BB161A0B19F6BA2D00AC466D /* Dependencies */ = {
			isa = PBXGroup;
			children = (
				BB633E9C19F5F2D300EBB8C5 /* CommandLine */,
			);
			name = Dependencies;
			sourceTree = "<group>";
		};
		BB41269119EF7D4E00FDC313 = {
			isa = PBXGroup;
			children = (
				BB161A0B19F6BA2D00AC466D /* Dependencies */,
				BB161A0A19F6BA2000AC466D /* Demo */,
				BB41269D19EF7D4E00FDC313 /* FPIconFontKit */,
				BB4126AA19EF7D4E00FDC313 /* FPIconFontKitTests */,
				BB50ABFF19F4DB6B007A5735 /* generate */,
				BB41269C19EF7D4E00FDC313 /* Products */,
			);
			sourceTree = "<group>";
		};
		BB41269C19EF7D4E00FDC313 /* Products */ = {
			isa = PBXGroup;
			children = (
				BB41269B19EF7D4E00FDC313 /* FPIconFontKit.framework */,
				BB4126A619EF7D4E00FDC313 /* FPIconFontKitTests.xctest */,
				BB50ABFE19F4DB6B007A5735 /* generate */,
				BB16199D19F6B58000AC466D /* Demo.app */,
				BB1619C519F6B8A000AC466D /* DemoObjc.app */,
			);
			name = Products;
			sourceTree = "<group>";
		};
		BB41269D19EF7D4E00FDC313 /* FPIconFontKit */ = {
			isa = PBXGroup;
			children = (
				BB4126A019EF7D4E00FDC313 /* FPIconFontKit.h */,
				BB4126B719EF7EC300FDC313 /* FPIconFont.swift */,
				BB41269E19EF7D4E00FDC313 /* Supporting Files */,
			);
			path = FPIconFontKit;
			sourceTree = "<group>";
		};
		BB41269E19EF7D4E00FDC313 /* Supporting Files */ = {
			isa = PBXGroup;
			children = (
				BB41269F19EF7D4E00FDC313 /* Info.plist */,
			);
			name = "Supporting Files";
			sourceTree = "<group>";
		};
		BB4126AA19EF7D4E00FDC313 /* FPIconFontKitTests */ = {
			isa = PBXGroup;
			children = (
				BB4126AD19EF7D4E00FDC313 /* FPIconFontKitTests.swift */,
				BB4126AB19EF7D4E00FDC313 /* Supporting Files */,
			);
			path = FPIconFontKitTests;
			sourceTree = "<group>";
		};
		BB4126AB19EF7D4E00FDC313 /* Supporting Files */ = {
			isa = PBXGroup;
			children = (
				BB4126AC19EF7D4E00FDC313 /* Info.plist */,
			);
			name = "Supporting Files";
			sourceTree = "<group>";
		};
		BB50ABFF19F4DB6B007A5735 /* generate */ = {
			isa = PBXGroup;
			children = (
				BB50AC0019F4DB6B007A5735 /* main.swift */,
			);
			path = generate;
			sourceTree = "<group>";
		};
		BB633E9C19F5F2D300EBB8C5 /* CommandLine */ = {
			isa = PBXGroup;
			children = (
				BB633E9D19F5F2D300EBB8C5 /* CommandLine.swift */,
				BB633E9F19F5F2D300EBB8C5 /* Option.swift */,
				BB633EA019F5F2D300EBB8C5 /* StringExtensions.swift */,
			);
			name = CommandLine;
			path = CommandLine/CommandLine;
			sourceTree = "<group>";
		};
/* End PBXGroup section */

/* Begin PBXHeadersBuildPhase section */
		BB41269819EF7D4E00FDC313 /* Headers */ = {
			isa = PBXHeadersBuildPhase;
			buildActionMask = 2147483647;
			files = (
				BB4126A119EF7D4E00FDC313 /* FPIconFontKit.h in Headers */,
			);
			runOnlyForDeploymentPostprocessing = 0;
		};
/* End PBXHeadersBuildPhase section */

/* Begin PBXNativeTarget section */
		BB16199C19F6B58000AC466D /* Demo */ = {
			isa = PBXNativeTarget;
			buildConfigurationList = BB1619B619F6B58000AC466D /* Build configuration list for PBXNativeTarget "Demo" */;
			buildPhases = (
				BB16199919F6B58000AC466D /* Sources */,
				BB16199A19F6B58000AC466D /* Frameworks */,
				BB16199B19F6B58000AC466D /* Resources */,
			);
			buildRules = (
			);
			dependencies = (
				BB1619BD19F6B5CC00AC466D /* PBXTargetDependency */,
			);
			name = Demo;
			productName = Demo;
			productReference = BB16199D19F6B58000AC466D /* Demo.app */;
			productType = "com.apple.product-type.application";
		};
		BB1619C419F6B8A000AC466D /* DemoObjc */ = {
			isa = PBXNativeTarget;
			buildConfigurationList = BB1619E219F6B8A000AC466D /* Build configuration list for PBXNativeTarget "DemoObjc" */;
			buildPhases = (
				BB1619C119F6B8A000AC466D /* Sources */,
				BB1619C219F6B8A000AC466D /* Frameworks */,
				BB1619C319F6B8A000AC466D /* Resources */,
				BB1619EB19F6B8B900AC466D /* CopyFiles */,
			);
			buildRules = (
			);
			dependencies = (
				BB1619E919F6B8B300AC466D /* PBXTargetDependency */,
			);
			name = DemoObjc;
			productName = DemoObjc;
			productReference = BB1619C519F6B8A000AC466D /* DemoObjc.app */;
			productType = "com.apple.product-type.application";
		};
		BB41269A19EF7D4E00FDC313 /* FPIconFontKit */ = {
			isa = PBXNativeTarget;
			buildConfigurationList = BB4126B119EF7D4E00FDC313 /* Build configuration list for PBXNativeTarget "FPIconFontKit" */;
			buildPhases = (
				BB41269619EF7D4E00FDC313 /* Sources */,
				BB41269719EF7D4E00FDC313 /* Frameworks */,
				BB41269819EF7D4E00FDC313 /* Headers */,
				BB41E16319F58AE800ED0633 /* CopyFiles */,
				BB41E16219F5899000ED0633 /* Link Derived data */,
			);
			buildRules = (
			);
			dependencies = (
				BB41E16919F58EF600ED0633 /* PBXTargetDependency */,
			);
			name = FPIconFontKit;
			productName = FPIconFontKit;
			productReference = BB41269B19EF7D4E00FDC313 /* FPIconFontKit.framework */;
			productType = "com.apple.product-type.framework";
		};
		BB4126A519EF7D4E00FDC313 /* FPIconFontKitTests */ = {
			isa = PBXNativeTarget;
			buildConfigurationList = BB4126B419EF7D4E00FDC313 /* Build configuration list for PBXNativeTarget "FPIconFontKitTests" */;
			buildPhases = (
				BB4126A219EF7D4E00FDC313 /* Sources */,
				BB4126A319EF7D4E00FDC313 /* Frameworks */,
				BB4126A419EF7D4E00FDC313 /* Resources */,
			);
			buildRules = (
			);
			dependencies = (
				BB4126A919EF7D4E00FDC313 /* PBXTargetDependency */,
			);
			name = FPIconFontKitTests;
			productName = FPIconFontKitTests;
			productReference = BB4126A619EF7D4E00FDC313 /* FPIconFontKitTests.xctest */;
			productType = "com.apple.product-type.bundle.unit-test";
		};
		BB50ABFD19F4DB6B007A5735 /* generate */ = {
			isa = PBXNativeTarget;
			buildConfigurationList = BB50AC0419F4DB6B007A5735 /* Build configuration list for PBXNativeTarget "generate" */;
			buildPhases = (
				BB50ABFA19F4DB6B007A5735 /* Sources */,
				BB50ABFB19F4DB6B007A5735 /* Frameworks */,
			);
			buildRules = (
			);
			dependencies = (
			);
			name = generate;
			productName = generate;
			productReference = BB50ABFE19F4DB6B007A5735 /* generate */;
			productType = "com.apple.product-type.tool";
		};
/* End PBXNativeTarget section */

/* Begin PBXProject section */
		BB41269219EF7D4E00FDC313 /* Project object */ = {
			isa = PBXProject;
			attributes = {
				LastUpgradeCheck = 0610;
				ORGANIZATIONNAME = hewig;
				TargetAttributes = {
					BB16199C19F6B58000AC466D = {
						CreatedOnToolsVersion = 6.1;
					};
					BB1619C419F6B8A000AC466D = {
						CreatedOnToolsVersion = 6.1;
					};
					BB41269A19EF7D4E00FDC313 = {
						CreatedOnToolsVersion = 6.1;
					};
					BB4126A519EF7D4E00FDC313 = {
						CreatedOnToolsVersion = 6.1;
					};
					BB50ABFD19F4DB6B007A5735 = {
						CreatedOnToolsVersion = 6.1;
					};
				};
			};
			buildConfigurationList = BB41269519EF7D4E00FDC313 /* Build configuration list for PBXProject "FPIconFontKit" */;
			compatibilityVersion = "Xcode 3.2";
			developmentRegion = English;
			hasScannedForEncodings = 0;
			knownRegions = (
				en,
				Base,
			);
			mainGroup = BB41269119EF7D4E00FDC313;
			productRefGroup = BB41269C19EF7D4E00FDC313 /* Products */;
			projectDirPath = "";
			projectRoot = "";
			targets = (
				BB41269A19EF7D4E00FDC313 /* FPIconFontKit */,
				BB4126A519EF7D4E00FDC313 /* FPIconFontKitTests */,
				BB50ABFD19F4DB6B007A5735 /* generate */,
				BB16199C19F6B58000AC466D /* Demo */,
				BB1619C419F6B8A000AC466D /* DemoObjc */,
			);
		};
/* End PBXProject section */

/* Begin PBXResourcesBuildPhase section */
		BB16199B19F6B58000AC466D /* Resources */ = {
			isa = PBXResourcesBuildPhase;
			buildActionMask = 2147483647;
			files = (
				BB1619A619F6B58000AC466D /* Images.xcassets in Resources */,
				BB1619C019F6B6B500AC466D /* octicons.ttf in Resources */,
				BB1619A919F6B58000AC466D /* Main.storyboard in Resources */,
			);
			runOnlyForDeploymentPostprocessing = 0;
		};
		BB1619C319F6B8A000AC466D /* Resources */ = {
			isa = PBXResourcesBuildPhase;
			buildActionMask = 2147483647;
			files = (
				BB1619D219F6B8A000AC466D /* Images.xcassets in Resources */,
				BB161A0019F6B91600AC466D /* octicons.ttf in Resources */,
				BB1619D519F6B8A000AC466D /* Main.storyboard in Resources */,
			);
			runOnlyForDeploymentPostprocessing = 0;
		};
		BB4126A419EF7D4E00FDC313 /* Resources */ = {
			isa = PBXResourcesBuildPhase;
			buildActionMask = 2147483647;
			files = (
			);
			runOnlyForDeploymentPostprocessing = 0;
		};
/* End PBXResourcesBuildPhase section */

/* Begin PBXShellScriptBuildPhase section */
		BB41E16219F5899000ED0633 /* Link Derived data */ = {
			isa = PBXShellScriptBuildPhase;
			buildActionMask = 2147483647;
			files = (
			);
			inputPaths = (
			);
			name = "Link Derived data";
			outputPaths = (
			);
			runOnlyForDeploymentPostprocessing = 0;
			shellPath = /bin/sh;
			shellScript = "LINK_NAME=derived_data\n\nif [ -L $LINK_NAME ];then\nrm -rf $LINK_NAME\nfi\n\nif [ ! -d $LINK_NAME ]; then\nln -s \"${BUILT_PRODUCTS_DIR}\" $LINK_NAME\nfi";
		};
/* End PBXShellScriptBuildPhase section */

/* Begin PBXSourcesBuildPhase section */
		BB16199919F6B58000AC466D /* Sources */ = {
			isa = PBXSourcesBuildPhase;
			buildActionMask = 2147483647;
			files = (
				BB1619A419F6B58000AC466D /* ViewController.swift in Sources */,
				BB1619A219F6B58000AC466D /* AppDelegate.swift in Sources */,
			);
			runOnlyForDeploymentPostprocessing = 0;
		};
		BB1619C119F6B8A000AC466D /* Sources */ = {
			isa = PBXSourcesBuildPhase;
			buildActionMask = 2147483647;
			files = (
				BB1619D019F6B8A000AC466D /* ViewController.m in Sources */,
				BB1619CD19F6B8A000AC466D /* main.m in Sources */,
				BB1619CB19F6B8A000AC466D /* AppDelegate.m in Sources */,
			);
			runOnlyForDeploymentPostprocessing = 0;
		};
		BB41269619EF7D4E00FDC313 /* Sources */ = {
			isa = PBXSourcesBuildPhase;
			buildActionMask = 2147483647;
			files = (
				BB4126B819EF7EC300FDC313 /* FPIconFont.swift in Sources */,
			);
			runOnlyForDeploymentPostprocessing = 0;
		};
		BB4126A219EF7D4E00FDC313 /* Sources */ = {
			isa = PBXSourcesBuildPhase;
			buildActionMask = 2147483647;
			files = (
				BB4126AE19EF7D4E00FDC313 /* FPIconFontKitTests.swift in Sources */,
			);
			runOnlyForDeploymentPostprocessing = 0;
		};
		BB50ABFA19F4DB6B007A5735 /* Sources */ = {
			isa = PBXSourcesBuildPhase;
			buildActionMask = 2147483647;
			files = (
				BB633EA219F5F2D300EBB8C5 /* Option.swift in Sources */,
				BB633EA119F5F2D300EBB8C5 /* CommandLine.swift in Sources */,
				BB633EA319F5F2D300EBB8C5 /* StringExtensions.swift in Sources */,
				BB41E16719F58EE900ED0633 /* FPIconFont.swift in Sources */,
				BB50AC0119F4DB6B007A5735 /* main.swift in Sources */,
			);
			runOnlyForDeploymentPostprocessing = 0;
		};
/* End PBXSourcesBuildPhase section */

/* Begin PBXTargetDependency section */
		BB1619BD19F6B5CC00AC466D /* PBXTargetDependency */ = {
			isa = PBXTargetDependency;
			target = BB41269A19EF7D4E00FDC313 /* FPIconFontKit */;
			targetProxy = BB1619BC19F6B5CC00AC466D /* PBXContainerItemProxy */;
		};
		BB1619E919F6B8B300AC466D /* PBXTargetDependency */ = {
			isa = PBXTargetDependency;
			target = BB41269A19EF7D4E00FDC313 /* FPIconFontKit */;
			targetProxy = BB1619E819F6B8B300AC466D /* PBXContainerItemProxy */;
		};
		BB4126A919EF7D4E00FDC313 /* PBXTargetDependency */ = {
			isa = PBXTargetDependency;
			target = BB41269A19EF7D4E00FDC313 /* FPIconFontKit */;
			targetProxy = BB4126A819EF7D4E00FDC313 /* PBXContainerItemProxy */;
		};
		BB41E16919F58EF600ED0633 /* PBXTargetDependency */ = {
			isa = PBXTargetDependency;
			target = BB50ABFD19F4DB6B007A5735 /* generate */;
			targetProxy = BB41E16819F58EF600ED0633 /* PBXContainerItemProxy */;
		};
/* End PBXTargetDependency section */

/* Begin PBXVariantGroup section */
		BB1619A719F6B58000AC466D /* Main.storyboard */ = {
			isa = PBXVariantGroup;
			children = (
				BB1619A819F6B58000AC466D /* Base */,
			);
			name = Main.storyboard;
			sourceTree = "<group>";
		};
		BB1619D319F6B8A000AC466D /* Main.storyboard */ = {
			isa = PBXVariantGroup;
			children = (
				BB1619D419F6B8A000AC466D /* Base */,
			);
			name = Main.storyboard;
			sourceTree = "<group>";
		};
/* End PBXVariantGroup section */

/* Begin XCBuildConfiguration section */
		BB1619B719F6B58000AC466D /* Debug */ = {
			isa = XCBuildConfiguration;
			buildSettings = {
				ASSETCATALOG_COMPILER_APPICON_NAME = AppIcon;
				CODE_SIGN_IDENTITY = "-";
				COMBINE_HIDPI_IMAGES = YES;
				GCC_PREPROCESSOR_DEFINITIONS = (
					"DEBUG=1",
					"$(inherited)",
				);
				INFOPLIST_FILE = Demo/Info.plist;
				LD_RUNPATH_SEARCH_PATHS = "$(inherited) @executable_path/../Frameworks";
				PRODUCT_NAME = "$(TARGET_NAME)";
			};
			name = Debug;
		};
		BB1619B819F6B58000AC466D /* Release */ = {
			isa = XCBuildConfiguration;
			buildSettings = {
				ASSETCATALOG_COMPILER_APPICON_NAME = AppIcon;
				CODE_SIGN_IDENTITY = "-";
				COMBINE_HIDPI_IMAGES = YES;
				INFOPLIST_FILE = Demo/Info.plist;
				LD_RUNPATH_SEARCH_PATHS = "$(inherited) @executable_path/../Frameworks";
				PRODUCT_NAME = "$(TARGET_NAME)";
			};
			name = Release;
		};
		BB1619E319F6B8A000AC466D /* Debug */ = {
			isa = XCBuildConfiguration;
			buildSettings = {
				ASSETCATALOG_COMPILER_APPICON_NAME = AppIcon;
				CODE_SIGN_IDENTITY = "-";
				COMBINE_HIDPI_IMAGES = YES;
				GCC_PREPROCESSOR_DEFINITIONS = (
					"DEBUG=1",
					"$(inherited)",
				);
				INFOPLIST_FILE = DemoObjc/Info.plist;
				LD_RUNPATH_SEARCH_PATHS = "$(inherited) @executable_path/../Frameworks";
				LIBRARY_SEARCH_PATHS = (
					"$(inherited)",
					"$(PROJECT_DIR)/DemoObjc/libs",
				);
				PRODUCT_NAME = "$(TARGET_NAME)";
			};
			name = Debug;
		};
		BB1619E419F6B8A000AC466D /* Release */ = {
			isa = XCBuildConfiguration;
			buildSettings = {
				ASSETCATALOG_COMPILER_APPICON_NAME = AppIcon;
				CODE_SIGN_IDENTITY = "-";
				COMBINE_HIDPI_IMAGES = YES;
				INFOPLIST_FILE = DemoObjc/Info.plist;
				LD_RUNPATH_SEARCH_PATHS = "$(inherited) @executable_path/../Frameworks";
				LIBRARY_SEARCH_PATHS = (
					"$(inherited)",
					"$(PROJECT_DIR)/DemoObjc/libs",
				);
				PRODUCT_NAME = "$(TARGET_NAME)";
			};
			name = Release;
		};
		BB4126AF19EF7D4E00FDC313 /* Debug */ = {
			isa = XCBuildConfiguration;
			buildSettings = {
				ALWAYS_SEARCH_USER_PATHS = NO;
				CLANG_CXX_LANGUAGE_STANDARD = "gnu++0x";
				CLANG_CXX_LIBRARY = "libc++";
				CLANG_ENABLE_MODULES = YES;
				CLANG_ENABLE_OBJC_ARC = YES;
				CLANG_WARN_BOOL_CONVERSION = YES;
				CLANG_WARN_CONSTANT_CONVERSION = YES;
				CLANG_WARN_DIRECT_OBJC_ISA_USAGE = YES_ERROR;
				CLANG_WARN_EMPTY_BODY = YES;
				CLANG_WARN_ENUM_CONVERSION = YES;
				CLANG_WARN_INT_CONVERSION = YES;
				CLANG_WARN_OBJC_ROOT_CLASS = YES_ERROR;
				CLANG_WARN_UNREACHABLE_CODE = YES;
				CLANG_WARN__DUPLICATE_METHOD_MATCH = YES;
				COPY_PHASE_STRIP = NO;
				CURRENT_PROJECT_VERSION = 1;
				ENABLE_STRICT_OBJC_MSGSEND = YES;
				GCC_C_LANGUAGE_STANDARD = gnu99;
				GCC_DYNAMIC_NO_PIC = NO;
				GCC_OPTIMIZATION_LEVEL = 0;
				GCC_PREPROCESSOR_DEFINITIONS = (
					"DEBUG=1",
					"$(inherited)",
				);
				GCC_SYMBOLS_PRIVATE_EXTERN = NO;
				GCC_WARN_64_TO_32_BIT_CONVERSION = YES;
				GCC_WARN_ABOUT_RETURN_TYPE = YES_ERROR;
				GCC_WARN_UNDECLARED_SELECTOR = YES;
				GCC_WARN_UNINITIALIZED_AUTOS = YES_AGGRESSIVE;
				GCC_WARN_UNUSED_FUNCTION = YES;
				GCC_WARN_UNUSED_VARIABLE = YES;
				MACOSX_DEPLOYMENT_TARGET = 10.10;
				MTL_ENABLE_DEBUG_INFO = YES;
				ONLY_ACTIVE_ARCH = YES;
				SDKROOT = macosx;
				SWIFT_OPTIMIZATION_LEVEL = "-Onone";
				VERSIONING_SYSTEM = "apple-generic";
				VERSION_INFO_PREFIX = "";
			};
			name = Debug;
		};
		BB4126B019EF7D4E00FDC313 /* Release */ = {
			isa = XCBuildConfiguration;
			buildSettings = {
				ALWAYS_SEARCH_USER_PATHS = NO;
				CLANG_CXX_LANGUAGE_STANDARD = "gnu++0x";
				CLANG_CXX_LIBRARY = "libc++";
				CLANG_ENABLE_MODULES = YES;
				CLANG_ENABLE_OBJC_ARC = YES;
				CLANG_WARN_BOOL_CONVERSION = YES;
				CLANG_WARN_CONSTANT_CONVERSION = YES;
				CLANG_WARN_DIRECT_OBJC_ISA_USAGE = YES_ERROR;
				CLANG_WARN_EMPTY_BODY = YES;
				CLANG_WARN_ENUM_CONVERSION = YES;
				CLANG_WARN_INT_CONVERSION = YES;
				CLANG_WARN_OBJC_ROOT_CLASS = YES_ERROR;
				CLANG_WARN_UNREACHABLE_CODE = YES;
				CLANG_WARN__DUPLICATE_METHOD_MATCH = YES;
				COPY_PHASE_STRIP = YES;
				CURRENT_PROJECT_VERSION = 1;
				DEBUG_INFORMATION_FORMAT = "dwarf-with-dsym";
				ENABLE_NS_ASSERTIONS = NO;
				ENABLE_STRICT_OBJC_MSGSEND = YES;
				GCC_C_LANGUAGE_STANDARD = gnu99;
				GCC_WARN_64_TO_32_BIT_CONVERSION = YES;
				GCC_WARN_ABOUT_RETURN_TYPE = YES_ERROR;
				GCC_WARN_UNDECLARED_SELECTOR = YES;
				GCC_WARN_UNINITIALIZED_AUTOS = YES_AGGRESSIVE;
				GCC_WARN_UNUSED_FUNCTION = YES;
				GCC_WARN_UNUSED_VARIABLE = YES;
				MACOSX_DEPLOYMENT_TARGET = 10.10;
				MTL_ENABLE_DEBUG_INFO = NO;
				SDKROOT = macosx;
				VERSIONING_SYSTEM = "apple-generic";
				VERSION_INFO_PREFIX = "";
			};
			name = Release;
		};
		BB4126B219EF7D4E00FDC313 /* Debug */ = {
			isa = XCBuildConfiguration;
			buildSettings = {
				CLANG_ENABLE_MODULES = YES;
				COMBINE_HIDPI_IMAGES = YES;
				DEFINES_MODULE = YES;
				DYLIB_COMPATIBILITY_VERSION = 1;
				DYLIB_CURRENT_VERSION = 1;
				DYLIB_INSTALL_NAME_BASE = "@rpath";
				FRAMEWORK_VERSION = A;
				INFOPLIST_FILE = FPIconFontKit/Info.plist;
				INSTALL_PATH = "$(LOCAL_LIBRARY_DIR)/Frameworks";
				LD_DYLIB_INSTALL_NAME = "$(DYLIB_INSTALL_NAME_BASE:standardizepath)/$(EXECUTABLE_PATH)";
				LD_RUNPATH_SEARCH_PATHS = "$(inherited) @executable_path/../Frameworks @loader_path/Frameworks";
				PRODUCT_NAME = "$(TARGET_NAME)";
				SKIP_INSTALL = YES;
				SWIFT_OPTIMIZATION_LEVEL = "-Onone";
			};
			name = Debug;
		};
		BB4126B319EF7D4E00FDC313 /* Release */ = {
			isa = XCBuildConfiguration;
			buildSettings = {
				CLANG_ENABLE_MODULES = YES;
				COMBINE_HIDPI_IMAGES = YES;
				DEFINES_MODULE = YES;
				DYLIB_COMPATIBILITY_VERSION = 1;
				DYLIB_CURRENT_VERSION = 1;
				DYLIB_INSTALL_NAME_BASE = "@rpath";
				FRAMEWORK_VERSION = A;
				INFOPLIST_FILE = FPIconFontKit/Info.plist;
				INSTALL_PATH = "$(LOCAL_LIBRARY_DIR)/Frameworks";
				LD_DYLIB_INSTALL_NAME = "$(DYLIB_INSTALL_NAME_BASE:standardizepath)/$(EXECUTABLE_PATH)";
				LD_RUNPATH_SEARCH_PATHS = "$(inherited) @executable_path/../Frameworks @loader_path/Frameworks";
				PRODUCT_NAME = "$(TARGET_NAME)";
				SKIP_INSTALL = YES;
			};
			name = Release;
		};
		BB4126B519EF7D4E00FDC313 /* Debug */ = {
			isa = XCBuildConfiguration;
			buildSettings = {
				COMBINE_HIDPI_IMAGES = YES;
				FRAMEWORK_SEARCH_PATHS = (
					"$(DEVELOPER_FRAMEWORKS_DIR)",
					"$(inherited)",
				);
				GCC_PREPROCESSOR_DEFINITIONS = (
					"DEBUG=1",
					"$(inherited)",
				);
				INFOPLIST_FILE = FPIconFontKitTests/Info.plist;
				LD_RUNPATH_SEARCH_PATHS = "$(inherited) @executable_path/../Frameworks @loader_path/../Frameworks";
				PRODUCT_NAME = "$(TARGET_NAME)";
			};
			name = Debug;
		};
		BB4126B619EF7D4E00FDC313 /* Release */ = {
			isa = XCBuildConfiguration;
			buildSettings = {
				COMBINE_HIDPI_IMAGES = YES;
				FRAMEWORK_SEARCH_PATHS = (
					"$(DEVELOPER_FRAMEWORKS_DIR)",
					"$(inherited)",
				);
				INFOPLIST_FILE = FPIconFontKitTests/Info.plist;
				LD_RUNPATH_SEARCH_PATHS = "$(inherited) @executable_path/../Frameworks @loader_path/../Frameworks";
				PRODUCT_NAME = "$(TARGET_NAME)";
			};
			name = Release;
		};
		BB50AC0219F4DB6B007A5735 /* Debug */ = {
			isa = XCBuildConfiguration;
			buildSettings = {
				GCC_PREPROCESSOR_DEFINITIONS = (
					"DEBUG=1",
					"$(inherited)",
				);
				PRODUCT_NAME = "$(TARGET_NAME)";
			};
			name = Debug;
		};
		BB50AC0319F4DB6B007A5735 /* Release */ = {
			isa = XCBuildConfiguration;
			buildSettings = {
				PRODUCT_NAME = "$(TARGET_NAME)";
			};
			name = Release;
		};
/* End XCBuildConfiguration section */

/* Begin XCConfigurationList section */
		BB1619B619F6B58000AC466D /* Build configuration list for PBXNativeTarget "Demo" */ = {
			isa = XCConfigurationList;
			buildConfigurations = (
				BB1619B719F6B58000AC466D /* Debug */,
				BB1619B819F6B58000AC466D /* Release */,
			);
			defaultConfigurationIsVisible = 0;
		};
		BB1619E219F6B8A000AC466D /* Build configuration list for PBXNativeTarget "DemoObjc" */ = {
			isa = XCConfigurationList;
			buildConfigurations = (
				BB1619E319F6B8A000AC466D /* Debug */,
				BB1619E419F6B8A000AC466D /* Release */,
			);
			defaultConfigurationIsVisible = 0;
		};
		BB41269519EF7D4E00FDC313 /* Build configuration list for PBXProject "FPIconFontKit" */ = {
			isa = XCConfigurationList;
			buildConfigurations = (
				BB4126AF19EF7D4E00FDC313 /* Debug */,
				BB4126B019EF7D4E00FDC313 /* Release */,
			);
			defaultConfigurationIsVisible = 0;
			defaultConfigurationName = Release;
		};
		BB4126B119EF7D4E00FDC313 /* Build configuration list for PBXNativeTarget "FPIconFontKit" */ = {
			isa = XCConfigurationList;
			buildConfigurations = (
				BB4126B219EF7D4E00FDC313 /* Debug */,
				BB4126B319EF7D4E00FDC313 /* Release */,
			);
			defaultConfigurationIsVisible = 0;
			defaultConfigurationName = Release;
		};
		BB4126B419EF7D4E00FDC313 /* Build configuration list for PBXNativeTarget "FPIconFontKitTests" */ = {
			isa = XCConfigurationList;
			buildConfigurations = (
				BB4126B519EF7D4E00FDC313 /* Debug */,
				BB4126B619EF7D4E00FDC313 /* Release */,
			);
			defaultConfigurationIsVisible = 0;
			defaultConfigurationName = Release;
		};
		BB50AC0419F4DB6B007A5735 /* Build configuration list for PBXNativeTarget "generate" */ = {
			isa = XCConfigurationList;
			buildConfigurations = (
				BB50AC0219F4DB6B007A5735 /* Debug */,
				BB50AC0319F4DB6B007A5735 /* Release */,
			);
			defaultConfigurationIsVisible = 0;
			defaultConfigurationName = Release;
		};
/* End XCConfigurationList section */
	};
	rootObject = BB41269219EF7D4E00FDC313 /* Project object */;
}
